
Microsoft Visual Studio Solution File, Format Version 12.00
# Visual Studio Version 16
VisualStudioVersion = 16.0.33927.289
MinimumVisualStudioVersion = 10.0.40219.1
Project("{888888A0-9F3D-457C-B088-3A5042F75D52}") = "Project SSA1", "Project SSA1.pyproj", "{5F1E2E06-1A90-420F-AABF-7B41ED6279CB}"
EndProject
Global
	GlobalSection(SolutionConfigurationPlatforms) = preSolution
		Debug|Any CPU = Debug|Any CPU
		Release|Any CPU = Release|Any CPU
	EndGlobalSection
	GlobalSection(ProjectConfigurationPlatforms) = postSolution
		{5F1E2E06-1A90-420F-AABF-7B41ED6279CB}.Debug|Any CPU.ActiveCfg = Debug|Any CPU
		{5F1E2E06-1A90-420F-AABF-7B41ED6279CB}.Release|Any CPU.ActiveCfg = Release|Any CPU
	EndGlobalSection
	GlobalSection(SolutionProperties) = preSolution
		HideSolutionNode = FALSE
	EndGlobalSection
	GlobalSection(ExtensibilityGlobals) = postSolution
		SolutionGuid = {EDFBEF89-ECEF-44DA-A0F2-867D0E1EB190}
	EndGlobalSection
EndGlobal
